github.com/chzyer/logex v1.1.10/go.mod h1:+Ywpsq7O8HXn0nuIou7OrIPyXbp3wmkHB+jjWRnGsAI=
github.com/chzyer/logex v1.2.1/go.mod h1:JLbx6lG2kDbNRFnfkgvh4eRJRPX1QCoOIWomwysCBrQ=
github.com/chzyer/readline v0.0.0-20180603132655-2972be24d48e/go.mod h1:nSuG5e5PlCu98SY8svDHJxuZscDgtXS6KTTbou5AhLI=
github.com/chzyer/readline v1.5.1 h1:upd/6fQk4src78LMRzh5vItIt361/o4uq553V8B5sGI=
github.com/chzyer/readline v1.5.1/go.mod h1:Eh+b79XXUwfKfcPLepksvw2tcLE/Ct21YObkaSkeBlk=
github.com/chzyer/test v0.0.0-20180213035817-a1ea475d72b1/go.mod h1:Q3SI9o4m/ZMnBNeIyt5eFwwo7qiLfzFZmjNmxjkiQlU=
github.com/chzyer/test v1.0.0/go.mod h1:2JlltgoNkt4TW/z9V/IzDdFaMTM2JPIi26O1pF38GC8=
github.com/davecgh/go-spew v1.1.1 h1:vj9j/u1bqnvCEfJOwUhtlOARqs3+rkHYY13jYWTU97c=
github.com/davecgh/go-spew v1.1.1/go.mod h1:J7Y8YcW2NihsgmVo/mv3lAwl/skON4iLHjSsI+c5H38=
github.com/frankban/quicktest v1.14.6 h1:7Xjx+VpznH+oBnejlPUj8oUpdxnVs4f8XU8WnHkI4W8=
github.com/frankban/quicktest v1.14.6/go.mod h1:4ptaffx2x8+WTWXmUCuVU6aPUX1/Mz7zb5vbUoiM6w0=
github.com/google/go-cmp v0.5.9 h1:O2Tfq5qg4qc4AmwVlvv0oLiVAGB7enBSJ2x2DqQFi38=
github.com/google/go-cmp v0.5.9/go.mod h1:17dUlkBOakJ0+DkrSSNjCkIjxS6bF9zb3elmeNGIjoY=
github.com/google/uuid v1.6.0 h1:NIvaJDMOsjHA8n1jAhLSgzrAzy1Hgr+hNrb57e+94F0=
github.com/google/uuid v1.6.0/go.mod h1:TIyPZe4MgqvfeYDBFedMoGGpEw/LqOeaOT+nhxU+yHo=
github.com/kr/pretty v0.3.1 h1:flRD4NNwYAUpkphVc1HcthR4KEIFJ65n8Mw5qdRn3LE=
github.com/kr/pretty v0.3.1/go.mod h1:hoEshYVHaxMs3cyo3Yncou5ZscifuDolrwPKZanG3xk=
github.com/kr/text v0.2.0 h1:5Nx0Ya0ZqY2ygV366QzturHI13Jq95ApcVaJBhpS+AY=
github.com/kr/text v0.2.0/go.mod h1:eLer722TekiGuMkidMxC/pM04lWEeraHUUmBw8l2grE=
github.com/manifoldco/promptui v0.9.0 h1:3V4HzJk1TtXW1MTZMP7mdlwbBpIinw3HztaIlYthEiA=
github.com/manifoldco/promptui v0.9.0/go.mod h1:ka04sppxSGFAtxX0qhlYQjISsg9mR4GWtQEhdbn6Pgg=
github.com/mark3labs/mcp-go v0.30.0 h1:Taz7fiefkxY/l8jz1nA90V+WdM2eoMtlvwfWforVYbo=
github.com/mark3labs/mcp-go v0.30.0/go.mod h1:rXqOudj/djTORU/ThxYx8fqEVj/5pvTuuebQ2RC7uk4=
github.com/mark3labs/mcp-go v0.30.1 h1:3R1BPvNT/rC1iPpLx+EMXFy+gvux/Mz/Nio3c6XEU9E=
github.com/mark3labs/mcp-go v0.30.1/go.mod h1:rXqOudj/djTORU/ThxYx8fqEVj/5pvTuuebQ2RC7uk4=
github.com/mark3labs/mcp-go v0.31.0 h1:4UxSV8aM770OPmTvaVe/b1rA2oZAjBMhGBfUgOGut+4=
github.com/mark3labs/mcp-go v0.31.0/go.mod h1:rXqOudj/djTORU/ThxYx8fqEVj/5pvTuuebQ2RC7uk4=
github.com/mark3labs/mcp-go v0.32.0 h1:fgwmbfL2gbd67obg57OfV2Dnrhs1HtSdlY/i5fn7MU8=
github.com/mark3labs/mcp-go v0.32.0/go.mod h1:rXqOudj/djTORU/ThxYx8fqEVj/5pvTuuebQ2RC7uk4=
github.com/pmezard/go-difflib v1.0.0 h1:4DBwDE0NGyQoBHbLQYPwSUPoCMWR5BEzIk/f1lZbAQM=
github.com/pmezard/go-difflib v1.0.0/go.mod h1:iKH77koFhYxTK1pcRnkKkqfTogsbg7gZNVY4sRDYZ/4=
github.com/reportportal/goRP v0.0.0-20250624131455-c5c0eca55705 h1:jq6+/UqmXGmSquCfvMUh0ntibUIvGsQ08212Z7DRSCo=
github.com/reportportal/goRP v0.0.0-20250624131455-c5c0eca55705/go.mod h1:N9zUHTGSAzOqdBNu0Mf7OWUVzhfOPGyqdU/U2ELZ2GY=
github.com/reportportal/goRP v0.0.0-20250624133405-c3bb5bb4d91c h1:FAjvcWYubfwY/qXqNPtspltazd/8uYtVAFepgozVqeM=
github.com/reportportal/goRP v0.0.0-20250624133405-c3bb5bb4d91c/go.mod h1:N9zUHTGSAzOqdBNu0Mf7OWUVzhfOPGyqdU/U2ELZ2GY=
github.com/reportportal/goRP v0.0.0-20250624134025-a0a4ee24fee8 h1:U/2F18YOJ24dod8tt7Z0bu9tJyctpamyef8LqIA52H4=
github.com/reportportal/goRP v0.0.0-20250624134025-a0a4ee24fee8/go.mod h1:N9zUHTGSAzOqdBNu0Mf7OWUVzhfOPGyqdU/U2ELZ2GY=
github.com/reportportal/goRP v0.0.0-20250624154505-e4fac2a3d177 h1:AcOeg48HiLWDj83A3sENw4x3hYZ3Y3kWCmiUSXB01bE=
github.com/reportportal/goRP v0.0.0-20250624154505-e4fac2a3d177/go.mod h1:N9zUHTGSAzOqdBNu0Mf7OWUVzhfOPGyqdU/U2ELZ2GY=
github.com/reportportal/goRP/v5 v5.1.1 h1:64U/Jwcs65DEZG+x2YIMoWA6bhE5KRv71mMBOV1qhms=
github.com/reportportal/goRP/v5 v5.1.1/go.mod h1:zM9CPDh54nTGStWQsFj5jCnGNIc1gDBt6Y4pb1MJVZs=
github.com/reportportal/goRP/v5 v5.1.2 h1:scAj806S65P6HCDx/YMiOJtw2mPU0w2LUx0cxeBbEVg=
github.com/reportportal/goRP/v5 v5.1.2/go.mod h1:Au44IuWeL3UBHyve7U64kNDQMtlrYBp8aeiHjgPDrGs=
github.com/rogpeppe/go-internal v1.11.0 h1:cWPaGQEPrBb5/AsnsZesgZZ9yb1OQ+GOISoDNXVBh4M=
github.com/rogpeppe/go-internal v1.11.0/go.mod h1:ddIwULY96R17DhadqLgMfk9H9tvdUzkipdSkR5nkCZA=
github.com/spf13/cast v1.8.0 h1:gEN9K4b8Xws4EX0+a0reLmhq8moKn7ntRlQYgjPeCDk=
github.com/spf13/cast v1.8.0/go.mod h1:ancEpBxwJDODSW/UG4rDrAqiKolqNNh2DX3mk86cAdo=
github.com/spf13/cast v1.9.2 h1:SsGfm7M8QOFtEzumm7UZrZdLLquNdzFYfIbEXntcFbE=
github.com/spf13/cast v1.9.2/go.mod h1:jNfB8QC9IA6ZuY2ZjDp0KtFO2LZZlg4S/7bzP6qqeHo=
github.com/stretchr/testify v1.10.0 h1:Xv5erBjTwe/5IxqUQTdXv5kgmIvbHo3QQyRwhJsOfJA=
github.com/stretchr/testify v1.10.0/go.mod h1:r2ic/lqez/lEtzL7wO/rwa5dbSLXVDPFyf8C91i36aY=
github.com/urfave/cli/v3 v3.3.3 h1:byCBaVdIXuLPIDm5CYZRVG6NvT7tv1ECqdU4YzlEa3I=
github.com/urfave/cli/v3 v3.3.3/go.mod h1:FJSKtM/9AiiTOJL4fJ6TbMUkxBXn7GO9guZqoZtpYpo=
github.com/urfave/cli/v3 v3.3.8 h1:BzolUExliMdet9NlJ/u4m5vHSotJ3PzEqSAZ1oPMa/E=
github.com/urfave/cli/v3 v3.3.8/go.mod h1:FJSKtM/9AiiTOJL4fJ6TbMUkxBXn7GO9guZqoZtpYpo=
github.com/yosida95/uritemplate/v3 v3.0.2 h1:Ed3Oyj9yrmi9087+NczuL5BwkIc4wvTb5zIM+UJPGz4=
github.com/yosida95/uritemplate/v3 v3.0.2/go.mod h1:ILOh0sOhIJR3+L/8afwt/kE++YT040gmv5BQTMR2HP4=
golang.org/x/net v0.40.0 h1:79Xs7wF06Gbdcg4kdCCIQArK11Z1hr5POQ6+fIYHNuY=
golang.org/x/net v0.40.0/go.mod h1:y0hY0exeL2Pku80/zKK7tpntoX23cqL3Oa6njdgRtds=
golang.org/x/net v0.41.0 h1:vBTly1HeNPEn3wtREYfy4GZ/NECgw2Cnl+nK6Nz3uvw=
golang.org/x/net v0.41.0/go.mod h1:B/K4NNqkfmg07DQYrbwvSluqCJOOXwUjeb/5lOisjbA=
golang.org/x/sys v0.0.0-20181122145206-62eef0e2fa9b/go.mod h1:STP8DvDyc/dI5b8T5hshtkjS+E42TnysNCUPdjciGhY=
golang.org/x/sys v0.0.0-20220310020820-b874c991c1a5/go.mod h1:oPkhp1MJrh7nUepCBck5+mAzfO9JrbApNNgaTdGDITg=
golang.org/x/sys v0.33.0 h1:q3i8TbbEz+JRD9ywIRlyRAQbM0qF7hu24q3teo2hbuw=
golang.org/x/sys v0.33.0/go.mod h1:BJP2sWEmIv4KK5OTEluFJCKSidICx8ciO85XgH3Ak8k=
gopkg.in/check.v1 v0.0.0-20161208181325-20d25e280405/go.mod h1:Co6ibVJAznAaIkqp8huTwlJQCZ016jof/cbN4VW5Yz0=
gopkg.in/check.v1 v1.0.0-20201130134442-10cb98267c6c h1:Hei/4ADfdWqJk1ZMxUNpqntNwaWcugrBjAiHlqqRiVk=
gopkg.in/check.v1 v1.0.0-20201130134442-10cb98267c6c/go.mod h1:JHkPIbrfpd72SG/EVd6muEfDQjcINNoR0C8j2r3qZ4Q=
gopkg.in/yaml.v3 v3.0.1 h1:fxVm/GzAzEWqLHuvctI91KS9hhNmmWOoWu0XTYJS7CA=
gopkg.in/yaml.v3 v3.0.1/go.mod h1:K4uyk7z7BCEPqu6E+C64Yfv1cQ7kz7rIZviUmN+EgEM=
resty.dev/v3 v3.0.0-beta.3 h1:3kEwzEgCnnS6Ob4Emlk94t+I/gClyoah7SnNi67lt+E=
resty.dev/v3 v3.0.0-beta.3/go.mod h1:OgkqiPvTDtOuV4MGZuUDhwOpkY8enjOsjjMzeOHefy4=
